
Microsoft Visual Studio Solution File, Format Version 12.00
# Visual Studio Version 17
VisualStudioVersion = 17.0.32014.148
MinimumVisualStudioVersion = 10.0.40219.1
Project("{9A19103F-16F7-4668-BE54-9A1E7A4F7556}") = "NetworkModellingSoftware", "NetworkModellingSoftware.csproj", "{463494EC-BC06-4574-99D8-CF99C3CC3E87}"
EndProject
Project("{FAE04EC0-301F-11D3-BF4B-00C04F79EFBC}") = "interfaces", "..\interfaces\interfaces.csproj", "{A1207A44-DB6F-410D-B209-C0273C2C090D}"
EndProject
Global
	GlobalSection(SolutionConfigurationPlatforms) = preSolution
		Debug|Any CPU = Debug|Any CPU
		Release|Any CPU = Release|Any CPU
	EndGlobalSection
	GlobalSection(ProjectConfigurationPlatforms) = postSolution
		{463494EC-BC06-4574-99D8-CF99C3CC3E87}.Debug|Any CPU.ActiveCfg = Debug|Any CPU
		{463494EC-BC06-4574-99D8-CF99C3CC3E87}.Debug|Any CPU.Build.0 = Debug|Any CPU
		{463494EC-BC06-4574-99D8-CF99C3CC3E87}.Release|Any CPU.ActiveCfg = Release|Any CPU
		{463494EC-BC06-4574-99D8-CF99C3CC3E87}.Release|Any CPU.Build.0 = Release|Any CPU
		{A1207A44-DB6F-410D-B209-C0273C2C090D}.Debug|Any CPU.ActiveCfg = Debug|Any CPU
		{A1207A44-DB6F-410D-B209-C0273C2C090D}.Debug|Any CPU.Build.0 = Debug|Any CPU
		{A1207A44-DB6F-410D-B209-C0273C2C090D}.Release|Any CPU.ActiveCfg = Release|Any CPU
		{A1207A44-DB6F-410D-B209-C0273C2C090D}.Release|Any CPU.Build.0 = Release|Any CPU
	EndGlobalSection
	GlobalSection(SolutionProperties) = preSolution
		HideSolutionNode = FALSE
	EndGlobalSection
	GlobalSection(ExtensibilityGlobals) = postSolution
		SolutionGuid = {A66D92DD-A8BF-4C4A-AF9F-3EB80D32362C}
	EndGlobalSection
EndGlobal
